
Microsoft Visual Studio Solution File, Format Version 12.00
# Visual Studio Version 16
VisualStudioVersion = 16.0.30804.86
MinimumVisualStudioVersion = 10.0.40219.1
Project("{FAE04EC0-301F-11D3-BF4B-00C04F79EFBC}") = "AulaClassesAbstratas", "AulaClassesAbstratas\AulaClassesAbstratas.csproj", "{61687396-682A-44AE-BA49-4DEEAD040162}"
EndProject
Global
	GlobalSection(SolutionConfigurationPlatforms) = preSolution
		Debug|Any CPU = Debug|Any CPU
		Release|Any CPU = Release|Any CPU
	EndGlobalSection
	GlobalSection(ProjectConfigurationPlatforms) = postSolution
		{61687396-682A-44AE-BA49-4DEEAD040162}.Debug|Any CPU.ActiveCfg = Debug|Any CPU
		{61687396-682A-44AE-BA49-4DEEAD040162}.Debug|Any CPU.Build.0 = Debug|Any CPU
		{61687396-682A-44AE-BA49-4DEEAD040162}.Release|Any CPU.ActiveCfg = Release|Any CPU
		{61687396-682A-44AE-BA49-4DEEAD040162}.Release|Any CPU.Build.0 = Release|Any CPU
	EndGlobalSection
	GlobalSection(SolutionProperties) = preSolution
		HideSolutionNode = FALSE
	EndGlobalSection
	GlobalSection(ExtensibilityGlobals) = postSolution
		SolutionGuid = {1537F471-5E7C-4619-B114-FD60D950F01E}
	EndGlobalSection
EndGlobal
